
Microsoft Visual Studio Solution File, Format Version 12.00
# Visual Studio Version 17
VisualStudioVersion = 17.0.31903.59
MinimumVisualStudioVersion = 10.0.40219.1
Project("{2150E333-8FDC-42A3-9474-1A3956D46DE8}") = "src", "src", "{10491FF8-52CC-4C50-8CEA-9A992FF4F246}"
EndProject
Project("{FAE04EC0-301F-11D3-BF4B-00C04F79EFBC}") = "passwordGenerator.Core", "src\passwordGenerator.Core\passwordGenerator.Core.csproj", "{A29F81E5-CA5C-4692-8F20-D64E3103256D}"
EndProject
Project("{FAE04EC0-301F-11D3-BF4B-00C04F79EFBC}") = "passwordGenerator.Program", "src\passwordGenerator.Program\passwordGenerator.Program.csproj", "{8648C2EE-E07C-4559-8113-6E5240586243}"
EndProject
Project("{2150E333-8FDC-42A3-9474-1A3956D46DE8}") = "tests", "tests", "{63833F9A-7B96-416D-8E15-FF2A90E20296}"
EndProject
Project("{FAE04EC0-301F-11D3-BF4B-00C04F79EFBC}") = "passwordGenerator.Core.Tests", "tests\passwordGenerator.Core.Tests\passwordGenerator.Core.Tests.csproj", "{176CB78F-52E9-44CD-8E48-2FAE81338F9A}"
EndProject
Global
	GlobalSection(SolutionConfigurationPlatforms) = preSolution
		Debug|Any CPU = Debug|Any CPU
		Release|Any CPU = Release|Any CPU
	EndGlobalSection
	GlobalSection(SolutionProperties) = preSolution
		HideSolutionNode = FALSE
	EndGlobalSection
	GlobalSection(ProjectConfigurationPlatforms) = postSolution
		{A29F81E5-CA5C-4692-8F20-D64E3103256D}.Debug|Any CPU.ActiveCfg = Debug|Any CPU
		{A29F81E5-CA5C-4692-8F20-D64E3103256D}.Debug|Any CPU.Build.0 = Debug|Any CPU
		{A29F81E5-CA5C-4692-8F20-D64E3103256D}.Release|Any CPU.ActiveCfg = Release|Any CPU
		{A29F81E5-CA5C-4692-8F20-D64E3103256D}.Release|Any CPU.Build.0 = Release|Any CPU
		{8648C2EE-E07C-4559-8113-6E5240586243}.Debug|Any CPU.ActiveCfg = Debug|Any CPU
		{8648C2EE-E07C-4559-8113-6E5240586243}.Debug|Any CPU.Build.0 = Debug|Any CPU
		{8648C2EE-E07C-4559-8113-6E5240586243}.Release|Any CPU.ActiveCfg = Release|Any CPU
		{8648C2EE-E07C-4559-8113-6E5240586243}.Release|Any CPU.Build.0 = Release|Any CPU
		{176CB78F-52E9-44CD-8E48-2FAE81338F9A}.Debug|Any CPU.ActiveCfg = Debug|Any CPU
		{176CB78F-52E9-44CD-8E48-2FAE81338F9A}.Debug|Any CPU.Build.0 = Debug|Any CPU
		{176CB78F-52E9-44CD-8E48-2FAE81338F9A}.Release|Any CPU.ActiveCfg = Release|Any CPU
		{176CB78F-52E9-44CD-8E48-2FAE81338F9A}.Release|Any CPU.Build.0 = Release|Any CPU
	EndGlobalSection
	GlobalSection(NestedProjects) = preSolution
		{A29F81E5-CA5C-4692-8F20-D64E3103256D} = {10491FF8-52CC-4C50-8CEA-9A992FF4F246}
		{8648C2EE-E07C-4559-8113-6E5240586243} = {10491FF8-52CC-4C50-8CEA-9A992FF4F246}
		{176CB78F-52E9-44CD-8E48-2FAE81338F9A} = {63833F9A-7B96-416D-8E15-FF2A90E20296}
	EndGlobalSection
EndGlobal
